{
  "object": {
    "pins": [
      {
        "package": "BoringSSL-GRPC",
        "repositoryURL": "https://github.com/firebase/boringSSL-SwiftPM.git",
        "state": {
          "branch": null,
          "revision": "79db6516894a932d0ddaff3b05b9da1e4f6c4069",
          "version": "0.9.0"
        }
      },
      {
        "package": "GPUImage",
        "repositoryURL": "https://github.com/BradLarson/GPUImage2.git",
        "state": {
          "branch": null,
          "revision": "ffd7b5a64a20535980d4e9eb156fe2ecbe41fc6a",
          "version": "0.0.1"
        }
      },
      {
        "package": "nanopb",
        "repositoryURL": "https://github.com/nanopb/nanopb.git",
        "state": {
          "branch": null,
          "revision": "afc499f9a410fc9bbf6c9c48cdd8d8b199d49eb4",
          "version": "0.4.6"
        }
      },
      {
        "package": "PactSwiftToolbox",
        "repositoryURL": "https://github.com/surpher/PactSwiftToolbox",
        "state": {
          "branch": "main",
          "revision": "b4c52bf4f86ab03215cb9e42ffd9387dd92ad25c",
          "version": null
        }
      },
      {
        "package": "swift-collections",
        "repositoryURL": "https://github.com/apple/swift-collections.git",
        "state": {
          "branch": null,
          "revision": "48254824bb4248676bf7ce56014ff57b142b77eb",
          "version": "1.0.2"
        }
      }
    ]
  },
  "version": 1
}
