// !$*UTF8*$!
{
	archiveVersion = 1;
	classes = {
	};
	objectVersion = 56;
	objects = {

/* Begin PBXBuildFile section */
		18DC14D52C37F4190065EC7E /* LicenseList in Frameworks */ = {isa = PBXBuildFile; productRef = 18DC14D42C37F4190065EC7E /* LicenseList */; };
		18DC14D72C37F41E0065EC7E /* LicenseList in Frameworks */ = {isa = PBXBuildFile; productRef = 18DC14D62C37F41E0065EC7E /* LicenseList */; };
		18FCC4442C37E4550052500D /* ExamplesForSwiftUIApp.swift in Sources */ = {isa = PBXBuildFile; fileRef = 18FCC4432C37E4550052500D /* ExamplesForSwiftUIApp.swift */; };
		18FCC4462C37E4550052500D /* ContentView.swift in Sources */ = {isa = PBXBuildFile; fileRef = 18FCC4452C37E4550052500D /* ContentView.swift */; };
		18FCC4482C37E4560052500D /* Assets.xcassets in Resources */ = {isa = PBXBuildFile; fileRef = 18FCC4472C37E4560052500D /* Assets.xcassets */; };
		18FCC44B2C37E4560052500D /* Preview Assets.xcassets in Resources */ = {isa = PBXBuildFile; fileRef = 18FCC44A2C37E4560052500D /* Preview Assets.xcassets */; };
		18FCC4562C37E4730052500D /* AppDelegate.swift in Sources */ = {isa = PBXBuildFile; fileRef = 18FCC4552C37E4730052500D /* AppDelegate.swift */; };
		18FCC4582C37E4730052500D /* SceneDelegate.swift in Sources */ = {isa = PBXBuildFile; fileRef = 18FCC4572C37E4730052500D /* SceneDelegate.swift */; };
		18FCC45A2C37E4730052500D /* ViewController.swift in Sources */ = {isa = PBXBuildFile; fileRef = 18FCC4592C37E4730052500D /* ViewController.swift */; };
		18FCC45D2C37E4730052500D /* Base in Resources */ = {isa = PBXBuildFile; fileRef = 18FCC45C2C37E4730052500D /* Base */; };
		18FCC45F2C37E4740052500D /* Assets.xcassets in Resources */ = {isa = PBXBuildFile; fileRef = 18FCC45E2C37E4740052500D /* Assets.xcassets */; };
		18FCC4622C37E4740052500D /* Base in Resources */ = {isa = PBXBuildFile; fileRef = 18FCC4612C37E4740052500D /* Base */; };
/* End PBXBuildFile section */

/* Begin PBXFileReference section */
		188460622C37EDE2005C370A /* LicenseList */ = {isa = PBXFileReference; lastKnownFileType = wrapper; name = LicenseList; path = ..; sourceTree = "<group>"; };
		18FCC4412C37E4550052500D /* ExamplesForSwiftUI.app */ = {isa = PBXFileReference; explicitFileType = wrapper.application; includeInIndex = 0; path = ExamplesForSwiftUI.app; sourceTree = BUILT_PRODUCTS_DIR; };
		18FCC4432C37E4550052500D /* ExamplesForSwiftUIApp.swift */ = {isa = PBXFileReference; lastKnownFileType = sourcecode.swift; path = ExamplesForSwiftUIApp.swift; sourceTree = "<group>"; };
		18FCC4452C37E4550052500D /* ContentView.swift */ = {isa = PBXFileReference; lastKnownFileType = sourcecode.swift; path = ContentView.swift; sourceTree = "<group>"; };
		18FCC4472C37E4560052500D /* Assets.xcassets */ = {isa = PBXFileReference; lastKnownFileType = folder.assetcatalog; path = Assets.xcassets; sourceTree = "<group>"; };
		18FCC44A2C37E4560052500D /* Preview Assets.xcassets */ = {isa = PBXFileReference; lastKnownFileType = folder.assetcatalog; path = "Preview Assets.xcassets"; sourceTree = "<group>"; };
		18FCC4532C37E4730052500D /* ExamplesForUIKit.app */ = {isa = PBXFileReference; explicitFileType = wrapper.application; includeInIndex = 0; path = ExamplesForUIKit.app; sourceTree = BUILT_PRODUCTS_DIR; };
		18FCC4552C37E4730052500D /* AppDelegate.swift */ = {isa = PBXFileReference; lastKnownFileType = sourcecode.swift; path = AppDelegate.swift; sourceTree = "<group>"; };
		18FCC4572C37E4730052500D /* SceneDelegate.swift */ = {isa = PBXFileReference; lastKnownFileType = sourcecode.swift; path = SceneDelegate.swift; sourceTree = "<group>"; };
		18FCC4592C37E4730052500D /* ViewController.swift */ = {isa = PBXFileReference; lastKnownFileType = sourcecode.swift; path = ViewController.swift; sourceTree = "<group>"; };
		18FCC45C2C37E4730052500D /* Base */ = {isa = PBXFileReference; lastKnownFileType = file.storyboard; name = Base; path = Base.lproj/Main.storyboard; sourceTree = "<group>"; };
		18FCC45E2C37E4740052500D /* Assets.xcassets */ = {isa = PBXFileReference; lastKnownFileType = folder.assetcatalog; path = Assets.xcassets; sourceTree = "<group>"; };
		18FCC4612C37E4740052500D /* Base */ = {isa = PBXFileReference; lastKnownFileType = file.storyboard; name = Base; path = Base.lproj/LaunchScreen.storyboard; sourceTree = "<group>"; };
		18FCC4632C37E4740052500D /* Info.plist */ = {isa = PBXFileReference; lastKnownFileType = text.plist.xml; path = Info.plist; sourceTree = "<group>"; };
/* End PBXFileReference section */

/* Begin PBXFrameworksBuildPhase section */
		18FCC43E2C37E4550052500D /* Frameworks */ = {
			isa = PBXFrameworksBuildPhase;
			buildActionMask = 2147483647;
			files = (
				18DC14D52C37F4190065EC7E /* LicenseList in Frameworks */,
			);
			runOnlyForDeploymentPostprocessing = 0;
		};
		18FCC4502C37E4730052500D /* Frameworks */ = {
			isa = PBXFrameworksBuildPhase;
			buildActionMask = 2147483647;
			files = (
				18DC14D72C37F41E0065EC7E /* LicenseList in Frameworks */,
			);
			runOnlyForDeploymentPostprocessing = 0;
		};
/* End PBXFrameworksBuildPhase section */

/* Begin PBXGroup section */
		18FCC4232C37E4270052500D = {
			isa = PBXGroup;
			children = (
				188460622C37EDE2005C370A /* LicenseList */,
				18FCC4422C37E4550052500D /* ExamplesForSwiftUI */,
				18FCC4542C37E4730052500D /* ExamplesForUIKit */,
				18FCC42D2C37E4270052500D /* Products */,
				18FCC4682C37E64A0052500D /* Frameworks */,
			);
			sourceTree = "<group>";
		};
		18FCC42D2C37E4270052500D /* Products */ = {
			isa = PBXGroup;
			children = (
				18FCC4412C37E4550052500D /* ExamplesForSwiftUI.app */,
				18FCC4532C37E4730052500D /* ExamplesForUIKit.app */,
			);
			name = Products;
			sourceTree = "<group>";
		};
		18FCC4422C37E4550052500D /* ExamplesForSwiftUI */ = {
			isa = PBXGroup;
			children = (
				18FCC4432C37E4550052500D /* ExamplesForSwiftUIApp.swift */,
				18FCC4452C37E4550052500D /* ContentView.swift */,
				18FCC4472C37E4560052500D /* Assets.xcassets */,
				18FCC4492C37E4560052500D /* Preview Content */,
			);
			path = ExamplesForSwiftUI;
			sourceTree = "<group>";
		};
		18FCC4492C37E4560052500D /* Preview Content */ = {
			isa = PBXGroup;
			children = (
				18FCC44A2C37E4560052500D /* Preview Assets.xcassets */,
			);
			path = "Preview Content";
			sourceTree = "<group>";
		};
		18FCC4542C37E4730052500D /* ExamplesForUIKit */ = {
			isa = PBXGroup;
			children = (
				18FCC4552C37E4730052500D /* AppDelegate.swift */,
				18FCC4572C37E4730052500D /* SceneDelegate.swift */,
				18FCC4592C37E4730052500D /* ViewController.swift */,
				18FCC45B2C37E4730052500D /* Main.storyboard */,
				18FCC45E2C37E4740052500D /* Assets.xcassets */,
				18FCC4602C37E4740052500D /* LaunchScreen.storyboard */,
				18FCC4632C37E4740052500D /* Info.plist */,
			);
			path = ExamplesForUIKit;
			sourceTree = "<group>";
		};
		18FCC4682C37E64A0052500D /* Frameworks */ = {
			isa = PBXGroup;
			children = (
			);
			name = Frameworks;
			sourceTree = "<group>";
		};
/* End PBXGroup section */

/* Begin PBXNativeTarget section */
		18FCC4402C37E4550052500D /* ExamplesForSwiftUI */ = {
			isa = PBXNativeTarget;
			buildConfigurationList = 18FCC44C2C37E4560052500D /* Build configuration list for PBXNativeTarget "ExamplesForSwiftUI" */;
			buildPhases = (
				18FCC43D2C37E4550052500D /* Sources */,
				18FCC43E2C37E4550052500D /* Frameworks */,
				18FCC43F2C37E4550052500D /* Resources */,
			);
			buildRules = (
			);
			dependencies = (
			);
			name = ExamplesForSwiftUI;
			packageProductDependencies = (
				18DC14D42C37F4190065EC7E /* LicenseList */,
			);
			productName = ExamplesForSwiftUI;
			productReference = 18FCC4412C37E4550052500D /* ExamplesForSwiftUI.app */;
			productType = "com.apple.product-type.application";
		};
		18FCC4522C37E4730052500D /* ExamplesForUIKit */ = {
			isa = PBXNativeTarget;
			buildConfigurationList = 18FCC4642C37E4740052500D /* Build configuration list for PBXNativeTarget "ExamplesForUIKit" */;
			buildPhases = (
				18FCC44F2C37E4730052500D /* Sources */,
				18FCC4502C37E4730052500D /* Frameworks */,
				18FCC4512C37E4730052500D /* Resources */,
			);
			buildRules = (
			);
			dependencies = (
			);
			name = ExamplesForUIKit;
			packageProductDependencies = (
				18DC14D62C37F41E0065EC7E /* LicenseList */,
			);
			productName = ExamplesForUIKit;
			productReference = 18FCC4532C37E4730052500D /* ExamplesForUIKit.app */;
			productType = "com.apple.product-type.application";
		};
/* End PBXNativeTarget section */

/* Begin PBXProject section */
		18FCC4242C37E4270052500D /* Project object */ = {
			isa = PBXProject;
			attributes = {
				BuildIndependentTargetsInParallel = 1;
				LastSwiftUpdateCheck = 1540;
				LastUpgradeCheck = 1540;
				TargetAttributes = {
					18FCC4402C37E4550052500D = {
						CreatedOnToolsVersion = 15.4;
					};
					18FCC4522C37E4730052500D = {
						CreatedOnToolsVersion = 15.4;
					};
				};
			};
			buildConfigurationList = 18FCC4272C37E4270052500D /* Build configuration list for PBXProject "Examples" */;
			compatibilityVersion = "Xcode 14.0";
			developmentRegion = en;
			hasScannedForEncodings = 0;
			knownRegions = (
				en,
				Base,
			);
			mainGroup = 18FCC4232C37E4270052500D;
			packageReferences = (
				18FCC46E2C37E7FC0052500D /* XCRemoteSwiftPackageReference "nanopb" */,
				18FCC46F2C37E8330052500D /* XCRemoteSwiftPackageReference "boringSSL-SwiftPM" */,
				18FCC4722C37EA920052500D /* XCRemoteSwiftPackageReference "swift-collections" */,
				18DC14D32C37F3120065EC7E /* XCRemoteSwiftPackageReference "GPUImage2" */,
			);
			productRefGroup = 18FCC42D2C37E4270052500D /* Products */;
			projectDirPath = "";
			projectRoot = "";
			targets = (
				18FCC4402C37E4550052500D /* ExamplesForSwiftUI */,
				18FCC4522C37E4730052500D /* ExamplesForUIKit */,
			);
		};
/* End PBXProject section */

/* Begin PBXResourcesBuildPhase section */
		18FCC43F2C37E4550052500D /* Resources */ = {
			isa = PBXResourcesBuildPhase;
			buildActionMask = 2147483647;
			files = (
				18FCC44B2C37E4560052500D /* Preview Assets.xcassets in Resources */,
				18FCC4482C37E4560052500D /* Assets.xcassets in Resources */,
			);
			runOnlyForDeploymentPostprocessing = 0;
		};
		18FCC4512C37E4730052500D /* Resources */ = {
			isa = PBXResourcesBuildPhase;
			buildActionMask = 2147483647;
			files = (
				18FCC45F2C37E4740052500D /* Assets.xcassets in Resources */,
				18FCC4622C37E4740052500D /* Base in Resources */,
				18FCC45D2C37E4730052500D /* Base in Resources */,
			);
			runOnlyForDeploymentPostprocessing = 0;
		};
/* End PBXResourcesBuildPhase section */

/* Begin PBXSourcesBuildPhase section */
		18FCC43D2C37E4550052500D /* Sources */ = {
			isa = PBXSourcesBuildPhase;
			buildActionMask = 2147483647;
			files = (
				18FCC4462C37E4550052500D /* ContentView.swift in Sources */,
				18FCC4442C37E4550052500D /* ExamplesForSwiftUIApp.swift in Sources */,
			);
			runOnlyForDeploymentPostprocessing = 0;
		};
		18FCC44F2C37E4730052500D /* Sources */ = {
			isa = PBXSourcesBuildPhase;
			buildActionMask = 2147483647;
			files = (
				18FCC45A2C37E4730052500D /* ViewController.swift in Sources */,
				18FCC4562C37E4730052500D /* AppDelegate.swift in Sources */,
				18FCC4582C37E4730052500D /* SceneDelegate.swift in Sources */,
			);
			runOnlyForDeploymentPostprocessing = 0;
		};
/* End PBXSourcesBuildPhase section */

/* Begin PBXVariantGroup section */
		18FCC45B2C37E4730052500D /* Main.storyboard */ = {
			isa = PBXVariantGroup;
			children = (
				18FCC45C2C37E4730052500D /* Base */,
			);
			name = Main.storyboard;
			sourceTree = "<group>";
		};
		18FCC4602C37E4740052500D /* LaunchScreen.storyboard */ = {
			isa = PBXVariantGroup;
			children = (
				18FCC4612C37E4740052500D /* Base */,
			);
			name = LaunchScreen.storyboard;
			sourceTree = "<group>";
		};
/* End PBXVariantGroup section */

/* Begin XCBuildConfiguration section */
		18FCC4382C37E42E0052500D /* Debug */ = {
			isa = XCBuildConfiguration;
			buildSettings = {
				ALWAYS_SEARCH_USER_PATHS = NO;
				ASSETCATALOG_COMPILER_GENERATE_SWIFT_ASSET_SYMBOL_EXTENSIONS = YES;
				CLANG_ANALYZER_NONNULL = YES;
				CLANG_ANALYZER_NUMBER_OBJECT_CONVERSION = YES_AGGRESSIVE;
				CLANG_CXX_LANGUAGE_STANDARD = "gnu++20";
				CLANG_ENABLE_MODULES = YES;
				CLANG_ENABLE_OBJC_ARC = YES;
				CLANG_ENABLE_OBJC_WEAK = YES;
				CLANG_WARN_BLOCK_CAPTURE_AUTORELEASING = YES;
				CLANG_WARN_BOOL_CONVERSION = YES;
				CLANG_WARN_COMMA = YES;
				CLANG_WARN_CONSTANT_CONVERSION = YES;
				CLANG_WARN_DEPRECATED_OBJC_IMPLEMENTATIONS = YES;
				CLANG_WARN_DIRECT_OBJC_ISA_USAGE = YES_ERROR;
				CLANG_WARN_DOCUMENTATION_COMMENTS = YES;
				CLANG_WARN_EMPTY_BODY = YES;
				CLANG_WARN_ENUM_CONVERSION = YES;
				CLANG_WARN_INFINITE_RECURSION = YES;
				CLANG_WARN_INT_CONVERSION = YES;
				CLANG_WARN_NON_LITERAL_NULL_CONVERSION = YES;
				CLANG_WARN_OBJC_IMPLICIT_RETAIN_SELF = YES;
				CLANG_WARN_OBJC_LITERAL_CONVERSION = YES;
				CLANG_WARN_OBJC_ROOT_CLASS = YES_ERROR;
				CLANG_WARN_QUOTED_INCLUDE_IN_FRAMEWORK_HEADER = YES;
				CLANG_WARN_RANGE_LOOP_ANALYSIS = YES;
				CLANG_WARN_STRICT_PROTOTYPES = YES;
				CLANG_WARN_SUSPICIOUS_MOVE = YES;
				CLANG_WARN_UNGUARDED_AVAILABILITY = YES_AGGRESSIVE;
				CLANG_WARN_UNREACHABLE_CODE = YES;
				CLANG_WARN__DUPLICATE_METHOD_MATCH = YES;
				COPY_PHASE_STRIP = NO;
				DEBUG_INFORMATION_FORMAT = dwarf;
				ENABLE_STRICT_OBJC_MSGSEND = YES;
				ENABLE_TESTABILITY = YES;
				ENABLE_USER_SCRIPT_SANDBOXING = YES;
				GCC_C_LANGUAGE_STANDARD = gnu17;
				GCC_DYNAMIC_NO_PIC = NO;
				GCC_NO_COMMON_BLOCKS = YES;
				GCC_OPTIMIZATION_LEVEL = 0;
				GCC_PREPROCESSOR_DEFINITIONS = (
					"DEBUG=1",
					"$(inherited)",
				);
				GCC_WARN_64_TO_32_BIT_CONVERSION = YES;
				GCC_WARN_ABOUT_RETURN_TYPE = YES_ERROR;
				GCC_WARN_UNDECLARED_SELECTOR = YES;
				GCC_WARN_UNINITIALIZED_AUTOS = YES_AGGRESSIVE;
				GCC_WARN_UNUSED_FUNCTION = YES;
				GCC_WARN_UNUSED_VARIABLE = YES;
				IPHONEOS_DEPLOYMENT_TARGET = 15.0;
				LOCALIZATION_PREFERS_STRING_CATALOGS = YES;
				MTL_ENABLE_DEBUG_INFO = INCLUDE_SOURCE;
				MTL_FAST_MATH = YES;
				ONLY_ACTIVE_ARCH = YES;
				SDKROOT = iphoneos;
				SWIFT_ACTIVE_COMPILATION_CONDITIONS = "DEBUG $(inherited)";
				SWIFT_OPTIMIZATION_LEVEL = "-Onone";
				TVOS_DEPLOYMENT_TARGET = 17.0;
			};
			name = Debug;
		};
		18FCC4392C37E42E0052500D /* Release */ = {
			isa = XCBuildConfiguration;
			buildSettings = {
				ALWAYS_SEARCH_USER_PATHS = NO;
				ASSETCATALOG_COMPILER_GENERATE_SWIFT_ASSET_SYMBOL_EXTENSIONS = YES;
				CLANG_ANALYZER_NONNULL = YES;
				CLANG_ANALYZER_NUMBER_OBJECT_CONVERSION = YES_AGGRESSIVE;
				CLANG_CXX_LANGUAGE_STANDARD = "gnu++20";
				CLANG_ENABLE_MODULES = YES;
				CLANG_ENABLE_OBJC_ARC = YES;
				CLANG_ENABLE_OBJC_WEAK = YES;
				CLANG_WARN_BLOCK_CAPTURE_AUTORELEASING = YES;
				CLANG_WARN_BOOL_CONVERSION = YES;
				CLANG_WARN_COMMA = YES;
				CLANG_WARN_CONSTANT_CONVERSION = YES;
				CLANG_WARN_DEPRECATED_OBJC_IMPLEMENTATIONS = YES;
				CLANG_WARN_DIRECT_OBJC_ISA_USAGE = YES_ERROR;
				CLANG_WARN_DOCUMENTATION_COMMENTS = YES;
				CLANG_WARN_EMPTY_BODY = YES;
				CLANG_WARN_ENUM_CONVERSION = YES;
				CLANG_WARN_INFINITE_RECURSION = YES;
				CLANG_WARN_INT_CONVERSION = YES;
				CLANG_WARN_NON_LITERAL_NULL_CONVERSION = YES;
				CLANG_WARN_OBJC_IMPLICIT_RETAIN_SELF = YES;
				CLANG_WARN_OBJC_LITERAL_CONVERSION = YES;
				CLANG_WARN_OBJC_ROOT_CLASS = YES_ERROR;
				CLANG_WARN_QUOTED_INCLUDE_IN_FRAMEWORK_HEADER = YES;
				CLANG_WARN_RANGE_LOOP_ANALYSIS = YES;
				CLANG_WARN_STRICT_PROTOTYPES = YES;
				CLANG_WARN_SUSPICIOUS_MOVE = YES;
				CLANG_WARN_UNGUARDED_AVAILABILITY = YES_AGGRESSIVE;
				CLANG_WARN_UNREACHABLE_CODE = YES;
				CLANG_WARN__DUPLICATE_METHOD_MATCH = YES;
				COPY_PHASE_STRIP = NO;
				DEBUG_INFORMATION_FORMAT = "dwarf-with-dsym";
				ENABLE_NS_ASSERTIONS = NO;
				ENABLE_STRICT_OBJC_MSGSEND = YES;
				ENABLE_USER_SCRIPT_SANDBOXING = YES;
				GCC_C_LANGUAGE_STANDARD = gnu17;
				GCC_NO_COMMON_BLOCKS = YES;
				GCC_WARN_64_TO_32_BIT_CONVERSION = YES;
				GCC_WARN_ABOUT_RETURN_TYPE = YES_ERROR;
				GCC_WARN_UNDECLARED_SELECTOR = YES;
				GCC_WARN_UNINITIALIZED_AUTOS = YES_AGGRESSIVE;
				GCC_WARN_UNUSED_FUNCTION = YES;
				GCC_WARN_UNUSED_VARIABLE = YES;
				IPHONEOS_DEPLOYMENT_TARGET = 15.0;
				LOCALIZATION_PREFERS_STRING_CATALOGS = YES;
				MTL_ENABLE_DEBUG_INFO = NO;
				MTL_FAST_MATH = YES;
				SDKROOT = iphoneos;
				SWIFT_COMPILATION_MODE = wholemodule;
				TVOS_DEPLOYMENT_TARGET = 17.0;
				VALIDATE_PRODUCT = YES;
			};
			name = Release;
		};
		18FCC44D2C37E4560052500D /* Debug */ = {
			isa = XCBuildConfiguration;
			buildSettings = {
				ASSETCATALOG_COMPILER_APPICON_NAME = AppIcon;
				ASSETCATALOG_COMPILER_GLOBAL_ACCENT_COLOR_NAME = AccentColor;
				CODE_SIGN_STYLE = Automatic;
				CURRENT_PROJECT_VERSION = 1;
				DEVELOPMENT_ASSET_PATHS = "\"ExamplesForSwiftUI/Preview Content\"";
				DEVELOPMENT_TEAM = "";
				ENABLE_PREVIEWS = YES;
				GENERATE_INFOPLIST_FILE = YES;
				INFOPLIST_KEY_UIApplicationSceneManifest_Generation = YES;
				INFOPLIST_KEY_UIApplicationSupportsIndirectInputEvents = YES;
				INFOPLIST_KEY_UILaunchScreen_Generation = YES;
				INFOPLIST_KEY_UISupportedInterfaceOrientations_iPad = "UIInterfaceOrientationPortrait UIInterfaceOrientationPortraitUpsideDown UIInterfaceOrientationLandscapeLeft UIInterfaceOrientationLandscapeRight";
				INFOPLIST_KEY_UISupportedInterfaceOrientations_iPhone = "UIInterfaceOrientationPortrait UIInterfaceOrientationLandscapeLeft UIInterfaceOrientationLandscapeRight";
				LD_RUNPATH_SEARCH_PATHS = (
					"$(inherited)",
					"@executable_path/Frameworks",
				);
				MARKETING_VERSION = 1.0;
				PRODUCT_BUNDLE_IDENTIFIER = com.cybozu.swiftui.examples;
				PRODUCT_NAME = "$(TARGET_NAME)";
				SUPPORTED_PLATFORMS = "appletvos appletvsimulator iphoneos iphonesimulator";
				SUPPORTS_MACCATALYST = NO;
				SUPPORTS_MAC_DESIGNED_FOR_IPHONE_IPAD = NO;
				SUPPORTS_XR_DESIGNED_FOR_IPHONE_IPAD = NO;
				SWIFT_EMIT_LOC_STRINGS = YES;
				SWIFT_VERSION = 5.0;
				TARGETED_DEVICE_FAMILY = "1,3";
			};
			name = Debug;
		};
		18FCC44E2C37E4560052500D /* Release */ = {
			isa = XCBuildConfiguration;
			buildSettings = {
				ASSETCATALOG_COMPILER_APPICON_NAME = AppIcon;
				ASSETCATALOG_COMPILER_GLOBAL_ACCENT_COLOR_NAME = AccentColor;
				CODE_SIGN_STYLE = Automatic;
				CURRENT_PROJECT_VERSION = 1;
				DEVELOPMENT_ASSET_PATHS = "\"ExamplesForSwiftUI/Preview Content\"";
				DEVELOPMENT_TEAM = "";
				ENABLE_PREVIEWS = YES;
				GENERATE_INFOPLIST_FILE = YES;
				INFOPLIST_KEY_UIApplicationSceneManifest_Generation = YES;
				INFOPLIST_KEY_UIApplicationSupportsIndirectInputEvents = YES;
				INFOPLIST_KEY_UILaunchScreen_Generation = YES;
				INFOPLIST_KEY_UISupportedInterfaceOrientations_iPad = "UIInterfaceOrientationPortrait UIInterfaceOrientationPortraitUpsideDown UIInterfaceOrientationLandscapeLeft UIInterfaceOrientationLandscapeRight";
				INFOPLIST_KEY_UISupportedInterfaceOrientations_iPhone = "UIInterfaceOrientationPortrait UIInterfaceOrientationLandscapeLeft UIInterfaceOrientationLandscapeRight";
				LD_RUNPATH_SEARCH_PATHS = (
					"$(inherited)",
					"@executable_path/Frameworks",
				);
				MARKETING_VERSION = 1.0;
				PRODUCT_BUNDLE_IDENTIFIER = com.cybozu.swiftui.examples;
				PRODUCT_NAME = "$(TARGET_NAME)";
				SUPPORTED_PLATFORMS = "appletvos appletvsimulator iphoneos iphonesimulator";
				SUPPORTS_MACCATALYST = NO;
				SUPPORTS_MAC_DESIGNED_FOR_IPHONE_IPAD = NO;
				SUPPORTS_XR_DESIGNED_FOR_IPHONE_IPAD = NO;
				SWIFT_EMIT_LOC_STRINGS = YES;
				SWIFT_VERSION = 5.0;
				TARGETED_DEVICE_FAMILY = "1,3";
			};
			name = Release;
		};
		18FCC4652C37E4740052500D /* Debug */ = {
			isa = XCBuildConfiguration;
			buildSettings = {
				ASSETCATALOG_COMPILER_APPICON_NAME = AppIcon;
				ASSETCATALOG_COMPILER_GLOBAL_ACCENT_COLOR_NAME = AccentColor;
				CODE_SIGN_STYLE = Automatic;
				CURRENT_PROJECT_VERSION = 1;
				DEVELOPMENT_TEAM = "";
				GENERATE_INFOPLIST_FILE = YES;
				INFOPLIST_FILE = ExamplesForUIKit/Info.plist;
				INFOPLIST_KEY_UIApplicationSupportsIndirectInputEvents = YES;
				INFOPLIST_KEY_UILaunchStoryboardName = LaunchScreen;
				INFOPLIST_KEY_UIMainStoryboardFile = Main;
				INFOPLIST_KEY_UISupportedInterfaceOrientations_iPad = "UIInterfaceOrientationPortrait UIInterfaceOrientationPortraitUpsideDown UIInterfaceOrientationLandscapeLeft UIInterfaceOrientationLandscapeRight";
				INFOPLIST_KEY_UISupportedInterfaceOrientations_iPhone = "UIInterfaceOrientationPortrait UIInterfaceOrientationLandscapeLeft UIInterfaceOrientationLandscapeRight";
				LD_RUNPATH_SEARCH_PATHS = (
					"$(inherited)",
					"@executable_path/Frameworks",
				);
				MARKETING_VERSION = 1.0;
				PRODUCT_BUNDLE_IDENTIFIER = com.cybozu.uikit.examples;
				PRODUCT_NAME = "$(TARGET_NAME)";
				SUPPORTED_PLATFORMS = "iphoneos iphonesimulator";
				SUPPORTS_MACCATALYST = NO;
				SUPPORTS_MAC_DESIGNED_FOR_IPHONE_IPAD = NO;
				SUPPORTS_XR_DESIGNED_FOR_IPHONE_IPAD = NO;
				SWIFT_EMIT_LOC_STRINGS = YES;
				SWIFT_VERSION = 5.0;
				TARGETED_DEVICE_FAMILY = 1;
			};
			name = Debug;
		};
		18FCC4662C37E4740052500D /* Release */ = {
			isa = XCBuildConfiguration;
			buildSettings = {
				ASSETCATALOG_COMPILER_APPICON_NAME = AppIcon;
				ASSETCATALOG_COMPILER_GLOBAL_ACCENT_COLOR_NAME = AccentColor;
				CODE_SIGN_STYLE = Automatic;
				CURRENT_PROJECT_VERSION = 1;
				DEVELOPMENT_TEAM = "";
				GENERATE_INFOPLIST_FILE = YES;
				INFOPLIST_FILE = ExamplesForUIKit/Info.plist;
				INFOPLIST_KEY_UIApplicationSupportsIndirectInputEvents = YES;
				INFOPLIST_KEY_UILaunchStoryboardName = LaunchScreen;
				INFOPLIST_KEY_UIMainStoryboardFile = Main;
				INFOPLIST_KEY_UISupportedInterfaceOrientations_iPad = "UIInterfaceOrientationPortrait UIInterfaceOrientationPortraitUpsideDown UIInterfaceOrientationLandscapeLeft UIInterfaceOrientationLandscapeRight";
				INFOPLIST_KEY_UISupportedInterfaceOrientations_iPhone = "UIInterfaceOrientationPortrait UIInterfaceOrientationLandscapeLeft UIInterfaceOrientationLandscapeRight";
				LD_RUNPATH_SEARCH_PATHS = (
					"$(inherited)",
					"@executable_path/Frameworks",
				);
				MARKETING_VERSION = 1.0;
				PRODUCT_BUNDLE_IDENTIFIER = com.cybozu.uikit.examples;
				PRODUCT_NAME = "$(TARGET_NAME)";
				SUPPORTED_PLATFORMS = "iphoneos iphonesimulator";
				SUPPORTS_MACCATALYST = NO;
				SUPPORTS_MAC_DESIGNED_FOR_IPHONE_IPAD = NO;
				SUPPORTS_XR_DESIGNED_FOR_IPHONE_IPAD = NO;
				SWIFT_EMIT_LOC_STRINGS = YES;
				SWIFT_VERSION = 5.0;
				TARGETED_DEVICE_FAMILY = 1;
			};
			name = Release;
		};
/* End XCBuildConfiguration section */

/* Begin XCConfigurationList section */
		18FCC4272C37E4270052500D /* Build configuration list for PBXProject "Examples" */ = {
			isa = XCConfigurationList;
			buildConfigurations = (
				18FCC4382C37E42E0052500D /* Debug */,
				18FCC4392C37E42E0052500D /* Release */,
			);
			defaultConfigurationIsVisible = 0;
			defaultConfigurationName = Release;
		};
		18FCC44C2C37E4560052500D /* Build configuration list for PBXNativeTarget "ExamplesForSwiftUI" */ = {
			isa = XCConfigurationList;
			buildConfigurations = (
				18FCC44D2C37E4560052500D /* Debug */,
				18FCC44E2C37E4560052500D /* Release */,
			);
			defaultConfigurationIsVisible = 0;
			defaultConfigurationName = Release;
		};
		18FCC4642C37E4740052500D /* Build configuration list for PBXNativeTarget "ExamplesForUIKit" */ = {
			isa = XCConfigurationList;
			buildConfigurations = (
				18FCC4652C37E4740052500D /* Debug */,
				18FCC4662C37E4740052500D /* Release */,
			);
			defaultConfigurationIsVisible = 0;
			defaultConfigurationName = Release;
		};
/* End XCConfigurationList section */

/* Begin XCRemoteSwiftPackageReference section */
		18DC14D32C37F3120065EC7E /* XCRemoteSwiftPackageReference "GPUImage2" */ = {
			isa = XCRemoteSwiftPackageReference;
			repositoryURL = "https://github.com/BradLarson/GPUImage2.git";
			requirement = {
				kind = upToNextMajorVersion;
				minimumVersion = 0.0.1;
			};
		};
		18FCC46E2C37E7FC0052500D /* XCRemoteSwiftPackageReference "nanopb" */ = {
			isa = XCRemoteSwiftPackageReference;
			repositoryURL = "https://github.com/nanopb/nanopb.git";
			requirement = {
				kind = upToNextMajorVersion;
				minimumVersion = 0.4.8;
			};
		};
		18FCC46F2C37E8330052500D /* XCRemoteSwiftPackageReference "boringSSL-SwiftPM" */ = {
			isa = XCRemoteSwiftPackageReference;
			repositoryURL = "https://github.com/firebase/boringSSL-SwiftPM.git";
			requirement = {
				kind = upToNextMajorVersion;
				minimumVersion = 0.9.1;
			};
		};
		18FCC4722C37EA920052500D /* XCRemoteSwiftPackageReference "swift-collections" */ = {
			isa = XCRemoteSwiftPackageReference;
			repositoryURL = "https://github.com/apple/swift-collections.git";
			requirement = {
				kind = upToNextMajorVersion;
				minimumVersion = 1.0.0;
			};
		};
/* End XCRemoteSwiftPackageReference section */

/* Begin XCSwiftPackageProductDependency section */
		18DC14D42C37F4190065EC7E /* LicenseList */ = {
			isa = XCSwiftPackageProductDependency;
			productName = LicenseList;
		};
		18DC14D62C37F41E0065EC7E /* LicenseList */ = {
			isa = XCSwiftPackageProductDependency;
			productName = LicenseList;
		};
/* End XCSwiftPackageProductDependency section */
	};
	rootObject = 18FCC4242C37E4270052500D /* Project object */;
}
