{
  "originHash" : "2f815824d876ca03ec597b8c1e16e4c3d72b5b95d7adc40dffc5b59c99933642",
  "pins" : [
    {
      "identity" : "boringssl-swiftpm",
      "kind" : "remoteSourceControl",
      "location" : "https://github.com/firebase/boringSSL-SwiftPM.git",
      "state" : {
        "revision" : "38b03401110f03bde32bc7e86ff4f815238ed2d3",
        "version" : "0.32.1"
      }
    },
    {
      "identity" : "gpuimage2",
      "kind" : "remoteSourceControl",
      "location" : "https://github.com/BradLarson/GPUImage2.git",
      "state" : {
        "revision" : "ffd7b5a64a20535980d4e9eb156fe2ecbe41fc6a",
        "version" : "0.0.1"
      }
    },
    {
      "identity" : "nanopb",
      "kind" : "remoteSourceControl",
      "location" : "https://github.com/nanopb/nanopb.git",
      "state" : {
        "revision" : "98bf4db69897b53434f3d0ba72e0a3ab1a902824",
        "version" : "0.4.9"
      }
    },
    {
      "identity" : "swift-collections",
      "kind" : "remoteSourceControl",
      "location" : "https://github.com/apple/swift-collections.git",
      "state" : {
        "revision" : "671108c96644956dddcd89dd59c203dcdb36cec7",
        "version" : "1.1.4"
      }
    }
  ],
  "version" : 3
}
